PODS:
  - BigInt (3.1.0):
    - SipHash (~> 1.2)
  - NewpayCrypto (0.1.0)
  - SipHash (1.2.2)
  - SwiftLint (0.26.0)

DEPENDENCIES:
  - BigInt (~> 3.0)
  - NewpayCrypto (from `https://github.com/yheng2/newpay-crypto-ios.git`, branch `master`)
  - SwiftLint

SPEC REPOS:
  https://github.com/CocoaPods/Specs.git:
    - BigInt
    - SipHash
    - SwiftLint

EXTERNAL SOURCES:
  NewpayCrypto:
    :branch: master
    :git: https://github.com/yheng2/newpay-crypto-ios.git

CHECKOUT OPTIONS:
  NewpayCrypto:
    :commit: 3cf5d9b7d69116398fa30deb54928d225bbb7cc3
    :git: https://github.com/yheng2/newpay-crypto-ios.git

SPEC CHECKSUMS:
  BigInt: 76b5dfdfa3e2e478d4ffdf161aeede5502e2742f
  NewpayCrypto: 7f317db5bc82299410ba4995cb93f14cbcc0ef23
  SipHash: fad90a4683e420c52ef28063063dbbce248ea6d4
  SwiftLint: f6b83e8d95ee1e91e11932d843af4fdcbf3fc764

PODFILE CHECKSUM: afe3d79eda219b07438083ba35ad0aa1ddc524eb

COCOAPODS: 1.8.4
